// !$*UTF8*$!
{
	archiveVersion = 1;
	classes = {
	};
	objectVersion = 56;
	objects = {

/* Begin PBXBuildFile section */
		7E68C0DF29133DA500FAEBDC /* LoginController.swift in Sources */ = {isa = PBXBuildFile; fileRef = 7E68C0DE29133DA500FAEBDC /* LoginController.swift */; };
		7E68C0E129133E8E00FAEBDC /* RegistrationController.swift in Sources */ = {isa = PBXBuildFile; fileRef = 7E68C0E029133E8E00FAEBDC /* RegistrationController.swift */; };
		7E68C0E32913596100FAEBDC /* Utilities.swift in Sources */ = {isa = PBXBuildFile; fileRef = 7E68C0E22913596100FAEBDC /* Utilities.swift */; };
		7E767DA82911767500C743F7 /* AppDelegate.swift in Sources */ = {isa = PBXBuildFile; fileRef = 7E767DA72911767500C743F7 /* AppDelegate.swift */; };
		7E767DAA2911767500C743F7 /* SceneDelegate.swift in Sources */ = {isa = PBXBuildFile; fileRef = 7E767DA92911767500C743F7 /* SceneDelegate.swift */; };
		7E767DAF2911767500C743F7 /* Main.storyboard in Resources */ = {isa = PBXBuildFile; fileRef = 7E767DAD2911767500C743F7 /* Main.storyboard */; };
		7E767DB12911767800C743F7 /* Assets.xcassets in Resources */ = {isa = PBXBuildFile; fileRef = 7E767DB02911767800C743F7 /* Assets.xcassets */; };
		7E767DB42911767800C743F7 /* LaunchScreen.storyboard in Resources */ = {isa = PBXBuildFile; fileRef = 7E767DB22911767800C743F7 /* LaunchScreen.storyboard */; };
		7E767DC22911781D00C743F7 /* MainTabController.swift in Sources */ = {isa = PBXBuildFile; fileRef = 7E767DC12911781D00C743F7 /* MainTabController.swift */; };
		7E767DC429117A7F00C743F7 /* FeedController.swift in Sources */ = {isa = PBXBuildFile; fileRef = 7E767DC329117A7F00C743F7 /* FeedController.swift */; };
		7E767DC629117AC400C743F7 /* ExploreController.swift in Sources */ = {isa = PBXBuildFile; fileRef = 7E767DC529117AC400C743F7 /* ExploreController.swift */; };
		7E767DC829117AD000C743F7 /* NotificationsController.swift in Sources */ = {isa = PBXBuildFile; fileRef = 7E767DC729117AD000C743F7 /* NotificationsController.swift */; };
		7E767DCA29117ADC00C743F7 /* ConversationsController.swift in Sources */ = {isa = PBXBuildFile; fileRef = 7E767DC929117ADC00C743F7 /* ConversationsController.swift */; };
		7EC9B810291216F1006D6CF5 /* Extensions.swift in Sources */ = {isa = PBXBuildFile; fileRef = 7EC9B80F291216F1006D6CF5 /* Extensions.swift */; };
/* End PBXBuildFile section */

/* Begin PBXFileReference section */
		7E68C0DE29133DA500FAEBDC /* LoginController.swift */ = {isa = PBXFileReference; lastKnownFileType = sourcecode.swift; path = LoginController.swift; sourceTree = "<group>"; };
		7E68C0E029133E8E00FAEBDC /* RegistrationController.swift */ = {isa = PBXFileReference; lastKnownFileType = sourcecode.swift; path = RegistrationController.swift; sourceTree = "<group>"; };
		7E68C0E22913596100FAEBDC /* Utilities.swift */ = {isa = PBXFileReference; lastKnownFileType = sourcecode.swift; path = Utilities.swift; sourceTree = "<group>"; };
		7E767DA42911767500C743F7 /* TwitterTutorial.app */ = {isa = PBXFileReference; explicitFileType = wrapper.application; includeInIndex = 0; path = TwitterTutorial.app; sourceTree = BUILT_PRODUCTS_DIR; };
		7E767DA72911767500C743F7 /* AppDelegate.swift */ = {isa = PBXFileReference; lastKnownFileType = sourcecode.swift; path = AppDelegate.swift; sourceTree = "<group>"; };
		7E767DA92911767500C743F7 /* SceneDelegate.swift */ = {isa = PBXFileReference; lastKnownFileType = sourcecode.swift; path = SceneDelegate.swift; sourceTree = "<group>"; };
		7E767DAE2911767500C743F7 /* Base */ = {isa = PBXFileReference; lastKnownFileType = file.storyboard; name = Base; path = Base.lproj/Main.storyboard; sourceTree = "<group>"; };
		7E767DB02911767800C743F7 /* Assets.xcassets */ = {isa = PBXFileReference; lastKnownFileType = folder.assetcatalog; path = Assets.xcassets; sourceTree = "<group>"; };
		7E767DB32911767800C743F7 /* Base */ = {isa = PBXFileReference; lastKnownFileType = file.storyboard; name = Base; path = Base.lproj/LaunchScreen.storyboard; sourceTree = "<group>"; };
		7E767DB52911767800C743F7 /* Info.plist */ = {isa = PBXFileReference; lastKnownFileType = text.plist.xml; path = Info.plist; sourceTree = "<group>"; };
		7E767DC12911781D00C743F7 /* MainTabController.swift */ = {isa = PBXFileReference; lastKnownFileType = sourcecode.swift; path = MainTabController.swift; sourceTree = "<group>"; };
		7E767DC329117A7F00C743F7 /* FeedController.swift */ = {isa = PBXFileReference; lastKnownFileType = sourcecode.swift; path = FeedController.swift; sourceTree = "<group>"; };
		7E767DC529117AC400C743F7 /* ExploreController.swift */ = {isa = PBXFileReference; lastKnownFileType = sourcecode.swift; path = ExploreController.swift; sourceTree = "<group>"; };
		7E767DC729117AD000C743F7 /* NotificationsController.swift */ = {isa = PBXFileReference; lastKnownFileType = sourcecode.swift; path = NotificationsController.swift; sourceTree = "<group>"; };
		7E767DC929117ADC00C743F7 /* ConversationsController.swift */ = {isa = PBXFileReference; lastKnownFileType = sourcecode.swift; path = ConversationsController.swift; sourceTree = "<group>"; };
		7EC9B80F291216F1006D6CF5 /* Extensions.swift */ = {isa = PBXFileReference; lastKnownFileType = sourcecode.swift; path = Extensions.swift; sourceTree = "<group>"; };
/* End PBXFileReference section */

/* Begin PBXFrameworksBuildPhase section */
		7E767DA12911767500C743F7 /* Frameworks */ = {
			isa = PBXFrameworksBuildPhase;
			buildActionMask = 2147483647;
			files = (
			);
			runOnlyForDeploymentPostprocessing = 0;
		};
/* End PBXFrameworksBuildPhase section */

/* Begin PBXGroup section */
		7E68C0DD29133D6B00FAEBDC /* Authentication */ = {
			isa = PBXGroup;
			children = (
				7E68C0DE29133DA500FAEBDC /* LoginController.swift */,
				7E68C0E029133E8E00FAEBDC /* RegistrationController.swift */,
			);
			path = Authentication;
			sourceTree = "<group>";
		};
		7E767D9B2911767500C743F7 = {
			isa = PBXGroup;
			children = (
				7E767DA62911767500C743F7 /* TwitterTutorial */,
				7E767DA52911767500C743F7 /* Products */,
			);
			sourceTree = "<group>";
		};
		7E767DA52911767500C743F7 /* Products */ = {
			isa = PBXGroup;
			children = (
				7E767DA42911767500C743F7 /* TwitterTutorial.app */,
			);
			name = Products;
			sourceTree = "<group>";
		};
		7E767DA62911767500C743F7 /* TwitterTutorial */ = {
			isa = PBXGroup;
			children = (
				7E767DC0291176E400C743F7 /* Model */,
				7E767DBF291176DB00C743F7 /* View */,
				7E767DBE291176D900C743F7 /* ViewModel */,
				7E767DBD291176D600C743F7 /* Controller */,
				7E767DBC291176CE00C743F7 /* API */,
				7E767DBB291176CC00C743F7 /* Utils */,
				7E767DA72911767500C743F7 /* AppDelegate.swift */,
				7E767DA92911767500C743F7 /* SceneDelegate.swift */,
				7E767DAD2911767500C743F7 /* Main.storyboard */,
				7E767DB02911767800C743F7 /* Assets.xcassets */,
				7E767DB22911767800C743F7 /* LaunchScreen.storyboard */,
				7E767DB52911767800C743F7 /* Info.plist */,
			);
			path = TwitterTutorial;
			sourceTree = "<group>";
		};
		7E767DBB291176CC00C743F7 /* Utils */ = {
			isa = PBXGroup;
			children = (
				7EC9B80F291216F1006D6CF5 /* Extensions.swift */,
				7E68C0E22913596100FAEBDC /* Utilities.swift */,
			);
			path = Utils;
			sourceTree = "<group>";
		};
		7E767DBC291176CE00C743F7 /* API */ = {
			isa = PBXGroup;
			children = (
			);
			path = API;
			sourceTree = "<group>";
		};
		7E767DBD291176D600C743F7 /* Controller */ = {
			isa = PBXGroup;
			children = (
				7E68C0DD29133D6B00FAEBDC /* Authentication */,
				7E767DC12911781D00C743F7 /* MainTabController.swift */,
				7E767DC329117A7F00C743F7 /* FeedController.swift */,
				7E767DC529117AC400C743F7 /* ExploreController.swift */,
				7E767DC729117AD000C743F7 /* NotificationsController.swift */,
				7E767DC929117ADC00C743F7 /* ConversationsController.swift */,
			);
			path = Controller;
			sourceTree = "<group>";
		};
		7E767DBE291176D900C743F7 /* ViewModel */ = {
			isa = PBXGroup;
			children = (
			);
			path = ViewModel;
			sourceTree = "<group>";
		};
		7E767DBF291176DB00C743F7 /* View */ = {
			isa = PBXGroup;
			children = (
			);
			path = View;
			sourceTree = "<group>";
		};
		7E767DC0291176E400C743F7 /* Model */ = {
			isa = PBXGroup;
			children = (
			);
			path = Model;
			sourceTree = "<group>";
		};
/* End PBXGroup section */

/* Begin PBXNativeTarget section */
		7E767DA32911767500C743F7 /* TwitterTutorial */ = {
			isa = PBXNativeTarget;
			buildConfigurationList = 7E767DB82911767800C743F7 /* Build configuration list for PBXNativeTarget "TwitterTutorial" */;
			buildPhases = (
				7E767DA02911767500C743F7 /* Sources */,
				7E767DA12911767500C743F7 /* Frameworks */,
				7E767DA22911767500C743F7 /* Resources */,
			);
			buildRules = (
			);
			dependencies = (
			);
			name = TwitterTutorial;
			productName = TwitterTutorial;
			productReference = 7E767DA42911767500C743F7 /* TwitterTutorial.app */;
			productType = "com.apple.product-type.application";
		};
/* End PBXNativeTarget section */

/* Begin PBXProject section */
		7E767D9C2911767500C743F7 /* Project object */ = {
			isa = PBXProject;
			attributes = {
				BuildIndependentTargetsInParallel = 1;
				LastSwiftUpdateCheck = 1400;
				LastUpgradeCheck = 1400;
				TargetAttributes = {
					7E767DA32911767500C743F7 = {
						CreatedOnToolsVersion = 14.0;
					};
				};
			};
			buildConfigurationList = 7E767D9F2911767500C743F7 /* Build configuration list for PBXProject "TwitterTutorial" */;
			compatibilityVersion = "Xcode 14.0";
			developmentRegion = en;
			hasScannedForEncodings = 0;
			knownRegions = (
				en,
				Base,
			);
			mainGroup = 7E767D9B2911767500C743F7;
			productRefGroup = 7E767DA52911767500C743F7 /* Products */;
			projectDirPath = "";
			projectRoot = "";
			targets = (
				7E767DA32911767500C743F7 /* TwitterTutorial */,
			);
		};
/* End PBXProject section */

/* Begin PBXResourcesBuildPhase section */
		7E767DA22911767500C743F7 /* Resources */ = {
			isa = PBXResourcesBuildPhase;
			buildActionMask = 2147483647;
			files = (
				7E767DB42911767800C743F7 /* LaunchScreen.storyboard in Resources */,
				7E767DB12911767800C743F7 /* Assets.xcassets in Resources */,
				7E767DAF2911767500C743F7 /* Main.storyboard in Resources */,
			);
			runOnlyForDeploymentPostprocessing = 0;
		};
/* End PBXResourcesBuildPhase section */

/* Begin PBXSourcesBuildPhase section */
		7E767DA02911767500C743F7 /* Sources */ = {
			isa = PBXSourcesBuildPhase;
			buildActionMask = 2147483647;
			files = (
				7E767DC829117AD000C743F7 /* NotificationsController.swift in Sources */,
				7E767DCA29117ADC00C743F7 /* ConversationsController.swift in Sources */,
				7E68C0E32913596100FAEBDC /* Utilities.swift in Sources */,
				7E767DA82911767500C743F7 /* AppDelegate.swift in Sources */,
				7EC9B810291216F1006D6CF5 /* Extensions.swift in Sources */,
				7E68C0DF29133DA500FAEBDC /* LoginController.swift in Sources */,
				7E767DC629117AC400C743F7 /* ExploreController.swift in Sources */,
				7E767DAA2911767500C743F7 /* SceneDelegate.swift in Sources */,
				7E767DC22911781D00C743F7 /* MainTabController.swift in Sources */,
				7E68C0E129133E8E00FAEBDC /* RegistrationController.swift in Sources */,
				7E767DC429117A7F00C743F7 /* FeedController.swift in Sources */,
			);
			runOnlyForDeploymentPostprocessing = 0;
		};
/* End PBXSourcesBuildPhase section */

/* Begin PBXVariantGroup section */
		7E767DAD2911767500C743F7 /* Main.storyboard */ = {
			isa = PBXVariantGroup;
			children = (
				7E767DAE2911767500C743F7 /* Base */,
			);
			name = Main.storyboard;
			sourceTree = "<group>";
		};
		7E767DB22911767800C743F7 /* LaunchScreen.storyboard */ = {
			isa = PBXVariantGroup;
			children = (
				7E767DB32911767800C743F7 /* Base */,
			);
			name = LaunchScreen.storyboard;
			sourceTree = "<group>";
		};
/* End PBXVariantGroup section */

/* Begin XCBuildConfiguration section */
		7E767DB62911767800C743F7 /* Debug */ = {
			isa = XCBuildConfiguration;
			buildSettings = {
				ALWAYS_SEARCH_USER_PATHS = NO;
				CLANG_ANALYZER_NONNULL = YES;
				CLANG_ANALYZER_NUMBER_OBJECT_CONVERSION = YES_AGGRESSIVE;
				CLANG_CXX_LANGUAGE_STANDARD = "gnu++20";
				CLANG_ENABLE_MODULES = YES;
				CLANG_ENABLE_OBJC_ARC = YES;
				CLANG_ENABLE_OBJC_WEAK = YES;
				CLANG_WARN_BLOCK_CAPTURE_AUTORELEASING = YES;
				CLANG_WARN_BOOL_CONVERSION = YES;
				CLANG_WARN_COMMA = YES;
				CLANG_WARN_CONSTANT_CONVERSION = YES;
				CLANG_WARN_DEPRECATED_OBJC_IMPLEMENTATIONS = YES;
				CLANG_WARN_DIRECT_OBJC_ISA_USAGE = YES_ERROR;
				CLANG_WARN_DOCUMENTATION_COMMENTS = YES;
				CLANG_WARN_EMPTY_BODY = YES;
				CLANG_WARN_ENUM_CONVERSION = YES;
				CLANG_WARN_INFINITE_RECURSION = YES;
				CLANG_WARN_INT_CONVERSION = YES;
				CLANG_WARN_NON_LITERAL_NULL_CONVERSION = YES;
				CLANG_WARN_OBJC_IMPLICIT_RETAIN_SELF = YES;
				CLANG_WARN_OBJC_LITERAL_CONVERSION = YES;
				CLANG_WARN_OBJC_ROOT_CLASS = YES_ERROR;
				CLANG_WARN_QUOTED_INCLUDE_IN_FRAMEWORK_HEADER = YES;
				CLANG_WARN_RANGE_LOOP_ANALYSIS = YES;
				CLANG_WARN_STRICT_PROTOTYPES = YES;
				CLANG_WARN_SUSPICIOUS_MOVE = YES;
				CLANG_WARN_UNGUARDED_AVAILABILITY = YES_AGGRESSIVE;
				CLANG_WARN_UNREACHABLE_CODE = YES;
				CLANG_WARN__DUPLICATE_METHOD_MATCH = YES;
				COPY_PHASE_STRIP = NO;
				DEBUG_INFORMATION_FORMAT = dwarf;
				ENABLE_STRICT_OBJC_MSGSEND = YES;
				ENABLE_TESTABILITY = YES;
				GCC_C_LANGUAGE_STANDARD = gnu11;
				GCC_DYNAMIC_NO_PIC = NO;
				GCC_NO_COMMON_BLOCKS = YES;
				GCC_OPTIMIZATION_LEVEL = 0;
				GCC_PREPROCESSOR_DEFINITIONS = (
					"DEBUG=1",
					"$(inherited)",
				);
				GCC_WARN_64_TO_32_BIT_CONVERSION = YES;
				GCC_WARN_ABOUT_RETURN_TYPE = YES_ERROR;
				GCC_WARN_UNDECLARED_SELECTOR = YES;
				GCC_WARN_UNINITIALIZED_AUTOS = YES_AGGRESSIVE;
				GCC_WARN_UNUSED_FUNCTION = YES;
				GCC_WARN_UNUSED_VARIABLE = YES;
				IPHONEOS_DEPLOYMENT_TARGET = 16.0;
				MTL_ENABLE_DEBUG_INFO = INCLUDE_SOURCE;
				MTL_FAST_MATH = YES;
				ONLY_ACTIVE_ARCH = YES;
				SDKROOT = iphoneos;
				SWIFT_ACTIVE_COMPILATION_CONDITIONS = DEBUG;
				SWIFT_OPTIMIZATION_LEVEL = "-Onone";
			};
			name = Debug;
		};
		7E767DB72911767800C743F7 /* Release */ = {
			isa = XCBuildConfiguration;
			buildSettings = {
				ALWAYS_SEARCH_USER_PATHS = NO;
				CLANG_ANALYZER_NONNULL = YES;
				CLANG_ANALYZER_NUMBER_OBJECT_CONVERSION = YES_AGGRESSIVE;
				CLANG_CXX_LANGUAGE_STANDARD = "gnu++20";
				CLANG_ENABLE_MODULES = YES;
				CLANG_ENABLE_OBJC_ARC = YES;
				CLANG_ENABLE_OBJC_WEAK = YES;
				CLANG_WARN_BLOCK_CAPTURE_AUTORELEASING = YES;
				CLANG_WARN_BOOL_CONVERSION = YES;
				CLANG_WARN_COMMA = YES;
				CLANG_WARN_CONSTANT_CONVERSION = YES;
				CLANG_WARN_DEPRECATED_OBJC_IMPLEMENTATIONS = YES;
				CLANG_WARN_DIRECT_OBJC_ISA_USAGE = YES_ERROR;
				CLANG_WARN_DOCUMENTATION_COMMENTS = YES;
				CLANG_WARN_EMPTY_BODY = YES;
				CLANG_WARN_ENUM_CONVERSION = YES;
				CLANG_WARN_INFINITE_RECURSION = YES;
				CLANG_WARN_INT_CONVERSION = YES;
				CLANG_WARN_NON_LITERAL_NULL_CONVERSION = YES;
				CLANG_WARN_OBJC_IMPLICIT_RETAIN_SELF = YES;
				CLANG_WARN_OBJC_LITERAL_CONVERSION = YES;
				CLANG_WARN_OBJC_ROOT_CLASS = YES_ERROR;
				CLANG_WARN_QUOTED_INCLUDE_IN_FRAMEWORK_HEADER = YES;
				CLANG_WARN_RANGE_LOOP_ANALYSIS = YES;
				CLANG_WARN_STRICT_PROTOTYPES = YES;
				CLANG_WARN_SUSPICIOUS_MOVE = YES;
				CLANG_WARN_UNGUARDED_AVAILABILITY = YES_AGGRESSIVE;
				CLANG_WARN_UNREACHABLE_CODE = YES;
				CLANG_WARN__DUPLICATE_METHOD_MATCH = YES;
				COPY_PHASE_STRIP = NO;
				DEBUG_INFORMATION_FORMAT = "dwarf-with-dsym";
				ENABLE_NS_ASSERTIONS = NO;
				ENABLE_STRICT_OBJC_MSGSEND = YES;
				GCC_C_LANGUAGE_STANDARD = gnu11;
				GCC_NO_COMMON_BLOCKS = YES;
				GCC_WARN_64_TO_32_BIT_CONVERSION = YES;
				GCC_WARN_ABOUT_RETURN_TYPE = YES_ERROR;
				GCC_WARN_UNDECLARED_SELECTOR = YES;
				GCC_WARN_UNINITIALIZED_AUTOS = YES_AGGRESSIVE;
				GCC_WARN_UNUSED_FUNCTION = YES;
				GCC_WARN_UNUSED_VARIABLE = YES;
				IPHONEOS_DEPLOYMENT_TARGET = 16.0;
				MTL_ENABLE_DEBUG_INFO = NO;
				MTL_FAST_MATH = YES;
				SDKROOT = iphoneos;
				SWIFT_COMPILATION_MODE = wholemodule;
				SWIFT_OPTIMIZATION_LEVEL = "-O";
				VALIDATE_PRODUCT = YES;
			};
			name = Release;
		};
		7E767DB92911767800C743F7 /* Debug */ = {
			isa = XCBuildConfiguration;
			buildSettings = {
				ASSETCATALOG_COMPILER_APPICON_NAME = AppIcon;
				ASSETCATALOG_COMPILER_GLOBAL_ACCENT_COLOR_NAME = AccentColor;
				CODE_SIGN_STYLE = Automatic;
				CURRENT_PROJECT_VERSION = 1;
				DEVELOPMENT_TEAM = Y67P2B64A8;
				GENERATE_INFOPLIST_FILE = YES;
				INFOPLIST_FILE = TwitterTutorial/Info.plist;
				INFOPLIST_KEY_UIApplicationSupportsIndirectInputEvents = YES;
				INFOPLIST_KEY_UILaunchStoryboardName = LaunchScreen;
				INFOPLIST_KEY_UIMainStoryboardFile = Main;
				INFOPLIST_KEY_UISupportedInterfaceOrientations_iPad = "UIInterfaceOrientationPortrait UIInterfaceOrientationPortraitUpsideDown UIInterfaceOrientationLandscapeLeft UIInterfaceOrientationLandscapeRight";
				INFOPLIST_KEY_UISupportedInterfaceOrientations_iPhone = "UIInterfaceOrientationPortrait UIInterfaceOrientationLandscapeLeft UIInterfaceOrientationLandscapeRight";
				LD_RUNPATH_SEARCH_PATHS = (
					"$(inherited)",
					"@executable_path/Frameworks",
				);
				MARKETING_VERSION = 1.0;
				PRODUCT_BUNDLE_IDENTIFIER = "Samuel-Franca.TwitterTutorial";
				PRODUCT_NAME = "$(TARGET_NAME)";
				SWIFT_EMIT_LOC_STRINGS = YES;
				SWIFT_VERSION = 5.0;
				TARGETED_DEVICE_FAMILY = "1,2";
			};
			name = Debug;
		};
		7E767DBA2911767800C743F7 /* Release */ = {
			isa = XCBuildConfiguration;
			buildSettings = {
				ASSETCATALOG_COMPILER_APPICON_NAME = AppIcon;
				ASSETCATALOG_COMPILER_GLOBAL_ACCENT_COLOR_NAME = AccentColor;
				CODE_SIGN_STYLE = Automatic;
				CURRENT_PROJECT_VERSION = 1;
				DEVELOPMENT_TEAM = Y67P2B64A8;
				GENERATE_INFOPLIST_FILE = YES;
				INFOPLIST_FILE = TwitterTutorial/Info.plist;
				INFOPLIST_KEY_UIApplicationSupportsIndirectInputEvents = YES;
				INFOPLIST_KEY_UILaunchStoryboardName = LaunchScreen;
				INFOPLIST_KEY_UIMainStoryboardFile = Main;
				INFOPLIST_KEY_UISupportedInterfaceOrientations_iPad = "UIInterfaceOrientationPortrait UIInterfaceOrientationPortraitUpsideDown UIInterfaceOrientationLandscapeLeft UIInterfaceOrientationLandscapeRight";
				INFOPLIST_KEY_UISupportedInterfaceOrientations_iPhone = "UIInterfaceOrientationPortrait UIInterfaceOrientationLandscapeLeft UIInterfaceOrientationLandscapeRight";
				LD_RUNPATH_SEARCH_PATHS = (
					"$(inherited)",
					"@executable_path/Frameworks",
				);
				MARKETING_VERSION = 1.0;
				PRODUCT_BUNDLE_IDENTIFIER = "Samuel-Franca.TwitterTutorial";
				PRODUCT_NAME = "$(TARGET_NAME)";
				SWIFT_EMIT_LOC_STRINGS = YES;
				SWIFT_VERSION = 5.0;
				TARGETED_DEVICE_FAMILY = "1,2";
			};
			name = Release;
		};
/* End XCBuildConfiguration section */

/* Begin XCConfigurationList section */
		7E767D9F2911767500C743F7 /* Build configuration list for PBXProject "TwitterTutorial" */ = {
			isa = XCConfigurationList;
			buildConfigurations = (
				7E767DB62911767800C743F7 /* Debug */,
				7E767DB72911767800C743F7 /* Release */,
			);
			defaultConfigurationIsVisible = 0;
			defaultConfigurationName = Release;
		};
		7E767DB82911767800C743F7 /* Build configuration list for PBXNativeTarget "TwitterTutorial" */ = {
			isa = XCConfigurationList;
			buildConfigurations = (
				7E767DB92911767800C743F7 /* Debug */,
				7E767DBA2911767800C743F7 /* Release */,
			);
			defaultConfigurationIsVisible = 0;
			defaultConfigurationName = Release;
		};
/* End XCConfigurationList section */
	};
	rootObject = 7E767D9C2911767500C743F7 /* Project object */;
}
